
Microsoft Visual Studio Solution File, Format Version 12.00
# Visual Studio Version 16
VisualStudioVersion = 16.0.30621.155
MinimumVisualStudioVersion = 10.0.40219.1
Project("{FAE04EC0-301F-11D3-BF4B-00C04F79EFBC}") = "juve", "juve\juve.csproj", "{684C75E8-17F4-4F09-B360-88003E591DEC}"
EndProject
Global
	GlobalSection(SolutionConfigurationPlatforms) = preSolution
		Debug|Any CPU = Debug|Any CPU
		Release|Any CPU = Release|Any CPU
	EndGlobalSection
	GlobalSection(ProjectConfigurationPlatforms) = postSolution
		{684C75E8-17F4-4F09-B360-88003E591DEC}.Debug|Any CPU.ActiveCfg = Debug|Any CPU
		{684C75E8-17F4-4F09-B360-88003E591DEC}.Debug|Any CPU.Build.0 = Debug|Any CPU
		{684C75E8-17F4-4F09-B360-88003E591DEC}.Release|Any CPU.ActiveCfg = Release|Any CPU
		{684C75E8-17F4-4F09-B360-88003E591DEC}.Release|Any CPU.Build.0 = Release|Any CPU
	EndGlobalSection
	GlobalSection(SolutionProperties) = preSolution
		HideSolutionNode = FALSE
	EndGlobalSection
	GlobalSection(ExtensibilityGlobals) = postSolution
		SolutionGuid = {94DD4F60-E0AC-4C2B-B175-D10C62D14FF8}
	EndGlobalSection
EndGlobal
